{
  "version": 4,
  "terraform_version": "1.12.2",
  "serial": 212,
  "lineage": "0e17681c-87b6-6cc1-7fe1-7fb832c99ba4",
  "outputs": {},
  "resources": [
    {
      "mode": "managed",
      "type": "aws_instance",
      "name": "North_Virginia-VMs",
      "provider": "provider[\"registry.terraform.io/hashicorp/aws\"].North_Virginia",
      "instances": [
        {
          "index_key": 0,
          "schema_version": 1,
          "attributes": {
            "ami": "ami-0345f44fe05216fc4",
            "arn": "arn:aws:ec2:us-east-1:168699439230:instance/i-03558383bd323d75c",
            "associate_public_ip_address": false,
            "availability_zone": "us-east-1f",
            "capacity_reservation_specification": [
              {
                "capacity_reservation_preference": "open",
                "capacity_reservation_target": []
              }
            ],
            "cpu_core_count": 1,
            "cpu_options": [
              {
                "amd_sev_snp": "",
                "core_count": 1,
                "threads_per_core": 2
              }
            ],
            "cpu_threads_per_core": 2,
            "credit_specification": [
              {
                "cpu_credits": "unlimited"
              }
            ],
            "disable_api_stop": false,
            "disable_api_termination": false,
            "ebs_block_device": [],
            "ebs_optimized": false,
            "enable_primary_ipv6": null,
            "enclave_options": [
              {
                "enabled": false
              }
            ],
            "ephemeral_block_device": [],
            "get_password_data": false,
            "hibernation": false,
            "host_id": "",
            "host_resource_group_arn": null,
            "iam_instance_profile": "",
            "id": "i-03558383bd323d75c",
            "instance_initiated_shutdown_behavior": "stop",
            "instance_lifecycle": "",
            "instance_market_options": [],
            "instance_state": "running",
            "instance_type": "t3.small",
            "ipv6_address_count": 0,
            "ipv6_addresses": [],
            "key_name": "Dev-North_Virginia-Key",
            "launch_template": [],
            "maintenance_options": [
              {
                "auto_recovery": "default"
              }
            ],
            "metadata_options": [
              {
                "http_endpoint": "enabled",
                "http_protocol_ipv6": "disabled",
                "http_put_response_hop_limit": 1,
                "http_tokens": "optional",
                "instance_metadata_tags": "disabled"
              }
            ],
            "monitoring": false,
            "network_interface": [],
            "outpost_arn": "",
            "password_data": "",
            "placement_group": "",
            "placement_partition_number": 0,
            "primary_network_interface_id": "eni-0c81cfa06950f0c1e",
            "private_dns": "ip-10-23-1-69.ec2.internal",
            "private_dns_name_options": [
              {
                "enable_resource_name_dns_a_record": false,
                "enable_resource_name_dns_aaaa_record": false,
                "hostname_type": "ip-name"
              }
            ],
            "private_ip": "10.23.1.69",
            "public_dns": "",
            "public_ip": "",
            "root_block_device": [
              {
                "delete_on_termination": true,
                "device_name": "/dev/sda1",
                "encrypted": false,
                "iops": 100,
                "kms_key_id": "",
                "tags": {},
                "tags_all": {},
                "throughput": 0,
                "volume_id": "vol-08c428a5bea086a46",
                "volume_size": 30,
                "volume_type": "gp2"
              }
            ],
            "secondary_private_ips": [],
            "security_groups": [],
            "source_dest_check": true,
            "spot_instance_request_id": "",
            "subnet_id": "subnet-0cfd5a99f01b2eaca",
            "tags": {
              "Name": "Dev-VM-50"
            },
            "tags_all": {
              "Name": "Dev-VM-50"
            },
            "tenancy": "default",
            "timeouts": null,
            "user_data": null,
            "user_data_base64": null,
            "user_data_replace_on_change": false,
            "volume_tags": null,
            "vpc_security_group_ids": [
              "sg-08d54f0c2ded6724b"
            ]
          },
          "sensitive_attributes": [],
          "identity_schema_version": 0,
          "private": "eyJlMmJmYjczMC1lY2FhLTExZTYtOGY4OC0zNDM2M2JjN2M0YzAiOnsiY3JlYXRlIjo2MDAwMDAwMDAwMDAsImRlbGV0ZSI6MTIwMDAwMDAwMDAwMCwicmVhZCI6OTAwMDAwMDAwMDAwLCJ1cGRhdGUiOjYwMDAwMDAwMDAwMH0sInNjaGVtYV92ZXJzaW9uIjoiMSJ9",
          "dependencies": [
            "aws_key_pair.North_VirginiaKey",
            "aws_security_group.Allow-RDP-HTTP-from-Oregon",
            "aws_subnet.North_Virginia-Subnet-1",
            "aws_vpc.North_Virginia-VPC",
            "tls_private_key.KeyPairGeneration"
          ]
        },
        {
          "index_key": 1,
          "schema_version": 1,
          "attributes": {
            "ami": "ami-0345f44fe05216fc4",
            "arn": "arn:aws:ec2:us-east-1:168699439230:instance/i-071f780560dd38b8a",
            "associate_public_ip_address": false,
            "availability_zone": "us-east-1f",
            "capacity_reservation_specification": [
              {
                "capacity_reservation_preference": "open",
                "capacity_reservation_target": []
              }
            ],
            "cpu_core_count": 1,
            "cpu_options": [
              {
                "amd_sev_snp": "",
                "core_count": 1,
                "threads_per_core": 2
              }
            ],
            "cpu_threads_per_core": 2,
            "credit_specification": [
              {
                "cpu_credits": "unlimited"
              }
            ],
            "disable_api_stop": false,
            "disable_api_termination": false,
            "ebs_block_device": [],
            "ebs_optimized": false,
            "enable_primary_ipv6": null,
            "enclave_options": [
              {
                "enabled": false
              }
            ],
            "ephemeral_block_device": [],
            "get_password_data": false,
            "hibernation": false,
            "host_id": "",
            "host_resource_group_arn": null,
            "iam_instance_profile": "",
            "id": "i-071f780560dd38b8a",
            "instance_initiated_shutdown_behavior": "stop",
            "instance_lifecycle": "",
            "instance_market_options": [],
            "instance_state": "running",
            "instance_type": "t3.small",
            "ipv6_address_count": 0,
            "ipv6_addresses": [],
            "key_name": "Dev-North_Virginia-Key",
            "launch_template": [],
            "maintenance_options": [
              {
                "auto_recovery": "default"
              }
            ],
            "metadata_options": [
              {
                "http_endpoint": "enabled",
                "http_protocol_ipv6": "disabled",
                "http_put_response_hop_limit": 1,
                "http_tokens": "optional",
                "instance_metadata_tags": "disabled"
              }
            ],
            "monitoring": false,
            "network_interface": [],
            "outpost_arn": "",
            "password_data": "",
            "placement_group": "",
            "placement_partition_number": 0,
            "primary_network_interface_id": "eni-057cd636cd721a4d2",
            "private_dns": "ip-10-23-1-150.ec2.internal",
            "private_dns_name_options": [
              {
                "enable_resource_name_dns_a_record": false,
                "enable_resource_name_dns_aaaa_record": false,
                "hostname_type": "ip-name"
              }
            ],
            "private_ip": "10.23.1.150",
            "public_dns": "",
            "public_ip": "",
            "root_block_device": [
              {
                "delete_on_termination": true,
                "device_name": "/dev/sda1",
                "encrypted": false,
                "iops": 100,
                "kms_key_id": "",
                "tags": {},
                "tags_all": {},
                "throughput": 0,
                "volume_id": "vol-03357e947581a7bf0",
                "volume_size": 30,
                "volume_type": "gp2"
              }
            ],
            "secondary_private_ips": [],
            "security_groups": [],
            "source_dest_check": true,
            "spot_instance_request_id": "",
            "subnet_id": "subnet-0cfd5a99f01b2eaca",
            "tags": {
              "Name": "Dev-VM-51"
            },
            "tags_all": {
              "Name": "Dev-VM-51"
            },
            "tenancy": "default",
            "timeouts": null,
            "user_data": null,
            "user_data_base64": null,
            "user_data_replace_on_change": false,
            "volume_tags": null,
            "vpc_security_group_ids": [
              "sg-08d54f0c2ded6724b"
            ]
          },
          "sensitive_attributes": [],
          "identity_schema_version": 0,
          "private": "eyJlMmJmYjczMC1lY2FhLTExZTYtOGY4OC0zNDM2M2JjN2M0YzAiOnsiY3JlYXRlIjo2MDAwMDAwMDAwMDAsImRlbGV0ZSI6MTIwMDAwMDAwMDAwMCwicmVhZCI6OTAwMDAwMDAwMDAwLCJ1cGRhdGUiOjYwMDAwMDAwMDAwMH0sInNjaGVtYV92ZXJzaW9uIjoiMSJ9",
          "dependencies": [
            "aws_key_pair.North_VirginiaKey",
            "aws_security_group.Allow-RDP-HTTP-from-Oregon",
            "aws_subnet.North_Virginia-Subnet-1",
            "aws_vpc.North_Virginia-VPC",
            "tls_private_key.KeyPairGeneration"
          ]
        }
      ]
    },
    {
      "mode": "managed",
      "type": "aws_instance",
      "name": "Oregon-VM1",
      "provider": "provider[\"registry.terraform.io/hashicorp/aws\"].Oregon",
      "instances": [
        {
          "schema_version": 1,
          "attributes": {
            "ami": "ami-03690dfa5bcede9c7",
            "arn": "arn:aws:ec2:us-west-2:168699439230:instance/i-0117b2919d7e9ad59",
            "associate_public_ip_address": true,
            "availability_zone": "us-west-2a",
            "capacity_reservation_specification": [
              {
                "capacity_reservation_preference": "open",
                "capacity_reservation_target": []
              }
            ],
            "cpu_core_count": 1,
            "cpu_options": [
              {
                "amd_sev_snp": "",
                "core_count": 1,
                "threads_per_core": 2
              }
            ],
            "cpu_threads_per_core": 2,
            "credit_specification": [
              {
                "cpu_credits": "unlimited"
              }
            ],
            "disable_api_stop": false,
            "disable_api_termination": false,
            "ebs_block_device": [],
            "ebs_optimized": false,
            "enable_primary_ipv6": null,
            "enclave_options": [
              {
                "enabled": false
              }
            ],
            "ephemeral_block_device": [],
            "get_password_data": false,
            "hibernation": false,
            "host_id": "",
            "host_resource_group_arn": null,
            "iam_instance_profile": "",
            "id": "i-0117b2919d7e9ad59",
            "instance_initiated_shutdown_behavior": "stop",
            "instance_lifecycle": "",
            "instance_market_options": [],
            "instance_state": "running",
            "instance_type": "t3.small",
            "ipv6_address_count": 0,
            "ipv6_addresses": [],
            "key_name": "Dev-Oregon-Key",
            "launch_template": [],
            "maintenance_options": [
              {
                "auto_recovery": "default"
              }
            ],
            "metadata_options": [
              {
                "http_endpoint": "enabled",
                "http_protocol_ipv6": "disabled",
                "http_put_response_hop_limit": 1,
                "http_tokens": "optional",
                "instance_metadata_tags": "disabled"
              }
            ],
            "monitoring": false,
            "network_interface": [],
            "outpost_arn": "",
            "password_data": "",
            "placement_group": "",
            "placement_partition_number": 0,
            "primary_network_interface_id": "eni-0bf4b01ec39f03993",
            "private_dns": "ip-10-13-1-61.us-west-2.compute.internal",
            "private_dns_name_options": [
              {
                "enable_resource_name_dns_a_record": false,
                "enable_resource_name_dns_aaaa_record": false,
                "hostname_type": "ip-name"
              }
            ],
            "private_ip": "10.13.1.61",
            "public_dns": "",
            "public_ip": "34.216.5.180",
            "root_block_device": [
              {
                "delete_on_termination": true,
                "device_name": "/dev/sda1",
                "encrypted": false,
                "iops": 100,
                "kms_key_id": "",
                "tags": {},
                "tags_all": {},
                "throughput": 0,
                "volume_id": "vol-0e501d20230b85fac",
                "volume_size": 30,
                "volume_type": "gp2"
              }
            ],
            "secondary_private_ips": [],
            "security_groups": [],
            "source_dest_check": true,
            "spot_instance_request_id": "",
            "subnet_id": "subnet-034756a8f399709cc",
            "tags": {
              "Name": "Dev-VM1"
            },
            "tags_all": {
              "Name": "Dev-VM1"
            },
            "tenancy": "default",
            "timeouts": null,
            "user_data": null,
            "user_data_base64": null,
            "user_data_replace_on_change": false,
            "volume_tags": null,
            "vpc_security_group_ids": [
              "sg-04b554d186f3dd28c"
            ]
          },
          "sensitive_attributes": [],
          "identity_schema_version": 0,
          "private": "eyJlMmJmYjczMC1lY2FhLTExZTYtOGY4OC0zNDM2M2JjN2M0YzAiOnsiY3JlYXRlIjo2MDAwMDAwMDAwMDAsImRlbGV0ZSI6MTIwMDAwMDAwMDAwMCwicmVhZCI6OTAwMDAwMDAwMDAwLCJ1cGRhdGUiOjYwMDAwMDAwMDAwMH0sInNjaGVtYV92ZXJzaW9uIjoiMSJ9",
          "dependencies": [
            "aws_key_pair.OregonKey",
            "aws_security_group.Allow-RDP-HTTP",
            "aws_subnet.Oregon-Subnet-1",
            "aws_vpc.Oregon-VPC",
            "tls_private_key.KeyPairGeneration"
          ]
        }
      ]
    },
    {
      "mode": "managed",
      "type": "aws_internet_gateway",
      "name": "Oregon-IGW",
      "provider": "provider[\"registry.terraform.io/hashicorp/aws\"].Oregon",
      "instances": [
        {
          "schema_version": 0,
          "attributes": {
            "arn": "arn:aws:ec2:us-west-2:168699439230:internet-gateway/igw-095ad8d3507094897",
            "id": "igw-095ad8d3507094897",
            "owner_id": "168699439230",
            "tags": {
              "Name": "Dev-IGW"
            },
            "tags_all": {
              "Name": "Dev-IGW"
            },
            "timeouts": null,
            "vpc_id": "vpc-09ded4c8f36263f82"
          },
          "sensitive_attributes": [],
          "identity_schema_version": 0,
          "private": "eyJlMmJmYjczMC1lY2FhLTExZTYtOGY4OC0zNDM2M2JjN2M0YzAiOnsiY3JlYXRlIjoxMjAwMDAwMDAwMDAwLCJkZWxldGUiOjEyMDAwMDAwMDAwMDAsInVwZGF0ZSI6MTIwMDAwMDAwMDAwMH19",
          "dependencies": [
            "aws_vpc.Oregon-VPC"
          ]
        }
      ]
    },
    {
      "mode": "managed",
      "type": "aws_key_pair",
      "name": "North_VirginiaKey",
      "provider": "provider[\"registry.terraform.io/hashicorp/aws\"].North_Virginia",
      "instances": [
        {
          "schema_version": 1,
          "attributes": {
            "arn": "arn:aws:ec2:us-east-1:168699439230:key-pair/Dev-North_Virginia-Key",
            "fingerprint": "29:1c:0c:bf:66:83:31:57:3a:d8:40:c2:b7:c2:ed:6d",
            "id": "Dev-North_Virginia-Key",
            "key_name": "Dev-North_Virginia-Key",
            "key_name_prefix": "",
            "key_pair_id": "key-0b02651bd1e14ac12",
            "key_type": "rsa",
            "public_key": "ssh-rsa AAAAB3NzaC1yc2EAAAADAQABAAACAQCq9+wxxoQFlJWPqHd1ky/V+HbcGZj+UvXX6UghPG4GOVIwfpcughQUahw8gt8Pl3MedmtTmTgbyAADIE+DxWSVcQHnU1FshIMm3gd0boNHnZ2v94IxI83Vd/2ScRyG1jCzpDfyUNOkdkcLXK/RGLbAMFQKcAjuXziOnoYuhneG/dxEFJMaut8o+nMpPQAwM5aGUN1PSzqRf/Pi2TFuwJCSN8l96NxYVfXUOkrgvKwvIcsGrK+1xsGzh1thxw9m5NPXDUjniVyPLOsxxmHgMDGbBSf29zjmPSp6uLU6bH6qwizDI1xwSkjHOIWDKtZbIX5VMWJ+2bzcStlW3h7e+hP7X32LgQ/gsz48F5tbW93bqgOONiS7FqwQKgF6D9QdolKnkDfNNRmBlwQ1g0Er+i0k+Or2VXxETvyQvw1+85JpJBj6BJyID1mv1pHTO0lc/DEXWKrenzPQJR0hRmGe25wlK4GE3BmIPcT8hvo6X+YfknakZQNJXuCDqLkxjNRwRnM7JtLERsIkVptatTWm6XMrOzdW66KYphz7jS380Qhxm7LCTtAJ3OjSJKQIdkY/X+Pz+ZvxZQam2SSMv0joiMmKTrvYMqHSLG3GCKG9Bpxsp0EVBqJQ1JYrROLf7itanoD7oi1ihmq5BiALrsqNodjhQWF/mv6NRx13Z1nJdQ4whQ==",
            "tags": {},
            "tags_all": {}
          },
          "sensitive_attributes": [],
          "identity_schema_version": 0,
          "private": "eyJzY2hlbWFfdmVyc2lvbiI6IjEifQ==",
          "dependencies": [
            "tls_private_key.KeyPairGeneration"
          ]
        }
      ]
    },
    {
      "mode": "managed",
      "type": "aws_key_pair",
      "name": "OregonKey",
      "provider": "provider[\"registry.terraform.io/hashicorp/aws\"].Oregon",
      "instances": [
        {
          "schema_version": 1,
          "attributes": {
            "arn": "arn:aws:ec2:us-west-2:168699439230:key-pair/Dev-Oregon-Key",
            "fingerprint": "29:1c:0c:bf:66:83:31:57:3a:d8:40:c2:b7:c2:ed:6d",
            "id": "Dev-Oregon-Key",
            "key_name": "Dev-Oregon-Key",
            "key_name_prefix": "",
            "key_pair_id": "key-0c43f3b8797ac4866",
            "key_type": "rsa",
            "public_key": "ssh-rsa AAAAB3NzaC1yc2EAAAADAQABAAACAQCq9+wxxoQFlJWPqHd1ky/V+HbcGZj+UvXX6UghPG4GOVIwfpcughQUahw8gt8Pl3MedmtTmTgbyAADIE+DxWSVcQHnU1FshIMm3gd0boNHnZ2v94IxI83Vd/2ScRyG1jCzpDfyUNOkdkcLXK/RGLbAMFQKcAjuXziOnoYuhneG/dxEFJMaut8o+nMpPQAwM5aGUN1PSzqRf/Pi2TFuwJCSN8l96NxYVfXUOkrgvKwvIcsGrK+1xsGzh1thxw9m5NPXDUjniVyPLOsxxmHgMDGbBSf29zjmPSp6uLU6bH6qwizDI1xwSkjHOIWDKtZbIX5VMWJ+2bzcStlW3h7e+hP7X32LgQ/gsz48F5tbW93bqgOONiS7FqwQKgF6D9QdolKnkDfNNRmBlwQ1g0Er+i0k+Or2VXxETvyQvw1+85JpJBj6BJyID1mv1pHTO0lc/DEXWKrenzPQJR0hRmGe25wlK4GE3BmIPcT8hvo6X+YfknakZQNJXuCDqLkxjNRwRnM7JtLERsIkVptatTWm6XMrOzdW66KYphz7jS380Qhxm7LCTtAJ3OjSJKQIdkY/X+Pz+ZvxZQam2SSMv0joiMmKTrvYMqHSLG3GCKG9Bpxsp0EVBqJQ1JYrROLf7itanoD7oi1ihmq5BiALrsqNodjhQWF/mv6NRx13Z1nJdQ4whQ==",
            "tags": {},
            "tags_all": {}
          },
          "sensitive_attributes": [],
          "identity_schema_version": 0,
          "private": "eyJzY2hlbWFfdmVyc2lvbiI6IjEifQ==",
          "dependencies": [
            "tls_private_key.KeyPairGeneration"
          ]
        }
      ]
    },
    {
      "mode": "managed",
      "type": "aws_route",
      "name": "Oregon-Route",
      "provider": "provider[\"registry.terraform.io/hashicorp/aws\"].Oregon",
      "instances": [
        {
          "schema_version": 0,
          "attributes": {
            "carrier_gateway_id": "",
            "core_network_arn": "",
            "destination_cidr_block": "0.0.0.0/0",
            "destination_ipv6_cidr_block": "",
            "destination_prefix_list_id": "",
            "egress_only_gateway_id": "",
            "gateway_id": "igw-095ad8d3507094897",
            "id": "r-rtb-05a3af780046d291f1080289494",
            "instance_id": "",
            "instance_owner_id": "",
            "local_gateway_id": "",
            "nat_gateway_id": "",
            "network_interface_id": "",
            "origin": "CreateRoute",
            "route_table_id": "rtb-05a3af780046d291f",
            "state": "active",
            "timeouts": null,
            "transit_gateway_id": "",
            "vpc_endpoint_id": "",
            "vpc_peering_connection_id": ""
          },
          "sensitive_attributes": [],
          "identity_schema_version": 0,
          "private": "eyJlMmJmYjczMC1lY2FhLTExZTYtOGY4OC0zNDM2M2JjN2M0YzAiOnsiY3JlYXRlIjozMDAwMDAwMDAwMDAsImRlbGV0ZSI6MzAwMDAwMDAwMDAwLCJ1cGRhdGUiOjEyMDAwMDAwMDAwMH19",
          "dependencies": [
            "aws_internet_gateway.Oregon-IGW",
            "aws_route_table.Oregon-RT",
            "aws_vpc.Oregon-VPC"
          ]
        }
      ]
    },
    {
      "mode": "managed",
      "type": "aws_route",
      "name": "Route-From-North_Virginia-to-Oregon",
      "provider": "provider[\"registry.terraform.io/hashicorp/aws\"].North_Virginia",
      "instances": [
        {
          "schema_version": 0,
          "attributes": {
            "carrier_gateway_id": "",
            "core_network_arn": "",
            "destination_cidr_block": "10.13.0.0/16",
            "destination_ipv6_cidr_block": "",
            "destination_prefix_list_id": "",
            "egress_only_gateway_id": "",
            "gateway_id": "",
            "id": "r-rtb-087d3e74ba3c53a522424044330",
            "instance_id": "",
            "instance_owner_id": "",
            "local_gateway_id": "",
            "nat_gateway_id": "",
            "network_interface_id": "",
            "origin": "CreateRoute",
            "route_table_id": "rtb-087d3e74ba3c53a52",
            "state": "active",
            "timeouts": null,
            "transit_gateway_id": "",
            "vpc_endpoint_id": "",
            "vpc_peering_connection_id": "pcx-07bc38f78d7d5cbd1"
          },
          "sensitive_attributes": [],
          "identity_schema_version": 0,
          "private": "eyJlMmJmYjczMC1lY2FhLTExZTYtOGY4OC0zNDM2M2JjN2M0YzAiOnsiY3JlYXRlIjozMDAwMDAwMDAwMDAsImRlbGV0ZSI6MzAwMDAwMDAwMDAwLCJ1cGRhdGUiOjEyMDAwMDAwMDAwMH19",
          "dependencies": [
            "aws_route_table.North_Virginia-RT",
            "aws_vpc.North_Virginia-VPC",
            "aws_vpc.Oregon-VPC",
            "aws_vpc_peering_connection.Peering-Request"
          ]
        }
      ]
    },
    {
      "mode": "managed",
      "type": "aws_route",
      "name": "Route-From-Oregon-to-North_Virginia",
      "provider": "provider[\"registry.terraform.io/hashicorp/aws\"].Oregon",
      "instances": [
        {
          "schema_version": 0,
          "attributes": {
            "carrier_gateway_id": "",
            "core_network_arn": "",
            "destination_cidr_block": "10.23.0.0/16",
            "destination_ipv6_cidr_block": "",
            "destination_prefix_list_id": "",
            "egress_only_gateway_id": "",
            "gateway_id": "",
            "id": "r-rtb-05a3af780046d291f2851522543",
            "instance_id": "",
            "instance_owner_id": "",
            "local_gateway_id": "",
            "nat_gateway_id": "",
            "network_interface_id": "",
            "origin": "CreateRoute",
            "route_table_id": "rtb-05a3af780046d291f",
            "state": "active",
            "timeouts": null,
            "transit_gateway_id": "",
            "vpc_endpoint_id": "",
            "vpc_peering_connection_id": "pcx-07bc38f78d7d5cbd1"
          },
          "sensitive_attributes": [],
          "identity_schema_version": 0,
          "private": "eyJlMmJmYjczMC1lY2FhLTExZTYtOGY4OC0zNDM2M2JjN2M0YzAiOnsiY3JlYXRlIjozMDAwMDAwMDAwMDAsImRlbGV0ZSI6MzAwMDAwMDAwMDAwLCJ1cGRhdGUiOjEyMDAwMDAwMDAwMH19",
          "dependencies": [
            "aws_route_table.Oregon-RT",
            "aws_vpc.North_Virginia-VPC",
            "aws_vpc.Oregon-VPC",
            "aws_vpc_peering_connection.Peering-Request"
          ]
        }
      ]
    },
    {
      "mode": "managed",
      "type": "aws_route_table",
      "name": "North_Virginia-RT",
      "provider": "provider[\"registry.terraform.io/hashicorp/aws\"].North_Virginia",
      "instances": [
        {
          "schema_version": 0,
          "attributes": {
            "arn": "arn:aws:ec2:us-east-1:168699439230:route-table/rtb-087d3e74ba3c53a52",
            "id": "rtb-087d3e74ba3c53a52",
            "owner_id": "168699439230",
            "propagating_vgws": [],
            "route": [
              {
                "carrier_gateway_id": "",
                "cidr_block": "10.13.0.0/16",
                "core_network_arn": "",
                "destination_prefix_list_id": "",
                "egress_only_gateway_id": "",
                "gateway_id": "",
                "ipv6_cidr_block": "",
                "local_gateway_id": "",
                "nat_gateway_id": "",
                "network_interface_id": "",
                "transit_gateway_id": "",
                "vpc_endpoint_id": "",
                "vpc_peering_connection_id": "pcx-07bc38f78d7d5cbd1"
              }
            ],
            "tags": {
              "Name": "Dev-RT"
            },
            "tags_all": {
              "Name": "Dev-RT"
            },
            "timeouts": null,
            "vpc_id": "vpc-0a0382a0bef72e306"
          },
          "sensitive_attributes": [],
          "identity_schema_version": 0,
          "private": "eyJlMmJmYjczMC1lY2FhLTExZTYtOGY4OC0zNDM2M2JjN2M0YzAiOnsiY3JlYXRlIjozMDAwMDAwMDAwMDAsImRlbGV0ZSI6MzAwMDAwMDAwMDAwLCJ1cGRhdGUiOjEyMDAwMDAwMDAwMH19",
          "dependencies": [
            "aws_vpc.North_Virginia-VPC"
          ]
        }
      ]
    },
    {
      "mode": "managed",
      "type": "aws_route_table",
      "name": "Oregon-RT",
      "provider": "provider[\"registry.terraform.io/hashicorp/aws\"].Oregon",
      "instances": [
        {
          "schema_version": 0,
          "attributes": {
            "arn": "arn:aws:ec2:us-west-2:168699439230:route-table/rtb-05a3af780046d291f",
            "id": "rtb-05a3af780046d291f",
            "owner_id": "168699439230",
            "propagating_vgws": [],
            "route": [
              {
                "carrier_gateway_id": "",
                "cidr_block": "0.0.0.0/0",
                "core_network_arn": "",
                "destination_prefix_list_id": "",
                "egress_only_gateway_id": "",
                "gateway_id": "igw-095ad8d3507094897",
                "ipv6_cidr_block": "",
                "local_gateway_id": "",
                "nat_gateway_id": "",
                "network_interface_id": "",
                "transit_gateway_id": "",
                "vpc_endpoint_id": "",
                "vpc_peering_connection_id": ""
              },
              {
                "carrier_gateway_id": "",
                "cidr_block": "10.23.0.0/16",
                "core_network_arn": "",
                "destination_prefix_list_id": "",
                "egress_only_gateway_id": "",
                "gateway_id": "",
                "ipv6_cidr_block": "",
                "local_gateway_id": "",
                "nat_gateway_id": "",
                "network_interface_id": "",
                "transit_gateway_id": "",
                "vpc_endpoint_id": "",
                "vpc_peering_connection_id": "pcx-07bc38f78d7d5cbd1"
              }
            ],
            "tags": {
              "Name": "Dev-RT"
            },
            "tags_all": {
              "Name": "Dev-RT"
            },
            "timeouts": null,
            "vpc_id": "vpc-09ded4c8f36263f82"
          },
          "sensitive_attributes": [],
          "identity_schema_version": 0,
          "private": "eyJlMmJmYjczMC1lY2FhLTExZTYtOGY4OC0zNDM2M2JjN2M0YzAiOnsiY3JlYXRlIjozMDAwMDAwMDAwMDAsImRlbGV0ZSI6MzAwMDAwMDAwMDAwLCJ1cGRhdGUiOjEyMDAwMDAwMDAwMH19",
          "dependencies": [
            "aws_vpc.Oregon-VPC"
          ]
        }
      ]
    },
    {
      "mode": "managed",
      "type": "aws_route_table_association",
      "name": "North_Virginia-RTA-Subnet-1",
      "provider": "provider[\"registry.terraform.io/hashicorp/aws\"].North_Virginia",
      "instances": [
        {
          "schema_version": 0,
          "attributes": {
            "gateway_id": "",
            "id": "rtbassoc-0324b1af79fd4aa0b",
            "route_table_id": "rtb-087d3e74ba3c53a52",
            "subnet_id": "subnet-0cfd5a99f01b2eaca",
            "timeouts": null
          },
          "sensitive_attributes": [],
          "identity_schema_version": 0,
          "private": "eyJlMmJmYjczMC1lY2FhLTExZTYtOGY4OC0zNDM2M2JjN2M0YzAiOnsiY3JlYXRlIjozMDAwMDAwMDAwMDAsImRlbGV0ZSI6MzAwMDAwMDAwMDAwLCJ1cGRhdGUiOjEyMDAwMDAwMDAwMH19",
          "dependencies": [
            "aws_route_table.North_Virginia-RT",
            "aws_subnet.North_Virginia-Subnet-1",
            "aws_vpc.North_Virginia-VPC"
          ]
        }
      ]
    },
    {
      "mode": "managed",
      "type": "aws_route_table_association",
      "name": "North_Virginia-RTA-Subnet-2",
      "provider": "provider[\"registry.terraform.io/hashicorp/aws\"].North_Virginia",
      "instances": [
        {
          "schema_version": 0,
          "attributes": {
            "gateway_id": "",
            "id": "rtbassoc-0963ad48d36a9896b",
            "route_table_id": "rtb-087d3e74ba3c53a52",
            "subnet_id": "subnet-0c536e1e3fb16f5d2",
            "timeouts": null
          },
          "sensitive_attributes": [],
          "identity_schema_version": 0,
          "private": "eyJlMmJmYjczMC1lY2FhLTExZTYtOGY4OC0zNDM2M2JjN2M0YzAiOnsiY3JlYXRlIjozMDAwMDAwMDAwMDAsImRlbGV0ZSI6MzAwMDAwMDAwMDAwLCJ1cGRhdGUiOjEyMDAwMDAwMDAwMH19",
          "dependencies": [
            "aws_route_table.North_Virginia-RT",
            "aws_subnet.North_Virginia-Subnet-2",
            "aws_vpc.North_Virginia-VPC"
          ]
        }
      ]
    },
    {
      "mode": "managed",
      "type": "aws_route_table_association",
      "name": "Oregon-RTA-Subnet-1",
      "provider": "provider[\"registry.terraform.io/hashicorp/aws\"].Oregon",
      "instances": [
        {
          "schema_version": 0,
          "attributes": {
            "gateway_id": "",
            "id": "rtbassoc-009264021a42c8c30",
            "route_table_id": "rtb-05a3af780046d291f",
            "subnet_id": "subnet-034756a8f399709cc",
            "timeouts": null
          },
          "sensitive_attributes": [],
          "identity_schema_version": 0,
          "private": "eyJlMmJmYjczMC1lY2FhLTExZTYtOGY4OC0zNDM2M2JjN2M0YzAiOnsiY3JlYXRlIjozMDAwMDAwMDAwMDAsImRlbGV0ZSI6MzAwMDAwMDAwMDAwLCJ1cGRhdGUiOjEyMDAwMDAwMDAwMH19",
          "dependencies": [
            "aws_route_table.Oregon-RT",
            "aws_subnet.Oregon-Subnet-1",
            "aws_vpc.Oregon-VPC"
          ]
        }
      ]
    },
    {
      "mode": "managed",
      "type": "aws_route_table_association",
      "name": "Oregon-RTA-Subnet-2",
      "provider": "provider[\"registry.terraform.io/hashicorp/aws\"].Oregon",
      "instances": [
        {
          "schema_version": 0,
          "attributes": {
            "gateway_id": "",
            "id": "rtbassoc-0f1bfa9e460c80af3",
            "route_table_id": "rtb-05a3af780046d291f",
            "subnet_id": "subnet-0c6213ffea05af66b",
            "timeouts": null
          },
          "sensitive_attributes": [],
          "identity_schema_version": 0,
          "private": "eyJlMmJmYjczMC1lY2FhLTExZTYtOGY4OC0zNDM2M2JjN2M0YzAiOnsiY3JlYXRlIjozMDAwMDAwMDAwMDAsImRlbGV0ZSI6MzAwMDAwMDAwMDAwLCJ1cGRhdGUiOjEyMDAwMDAwMDAwMH19",
          "dependencies": [
            "aws_route_table.Oregon-RT",
            "aws_subnet.Oregon-Subnet-2",
            "aws_vpc.Oregon-VPC"
          ]
        }
      ]
    },
    {
      "mode": "managed",
      "type": "aws_security_group",
      "name": "Allow-RDP-HTTP",
      "provider": "provider[\"registry.terraform.io/hashicorp/aws\"].Oregon",
      "instances": [
        {
          "schema_version": 1,
          "attributes": {
            "arn": "arn:aws:ec2:us-west-2:168699439230:security-group/sg-04b554d186f3dd28c",
            "description": "Allow-RDP-HTTP",
            "egress": [
              {
                "cidr_blocks": [
                  "0.0.0.0/0"
                ],
                "description": "",
                "from_port": 0,
                "ipv6_cidr_blocks": [],
                "prefix_list_ids": [],
                "protocol": "-1",
                "security_groups": [],
                "self": false,
                "to_port": 0
              }
            ],
            "id": "sg-04b554d186f3dd28c",
            "ingress": [
              {
                "cidr_blocks": [
                  "0.0.0.0/0"
                ],
                "description": "",
                "from_port": 3389,
                "ipv6_cidr_blocks": [],
                "prefix_list_ids": [],
                "protocol": "tcp",
                "security_groups": [],
                "self": false,
                "to_port": 3389
              },
              {
                "cidr_blocks": [
                  "0.0.0.0/0"
                ],
                "description": "",
                "from_port": 80,
                "ipv6_cidr_blocks": [],
                "prefix_list_ids": [],
                "protocol": "tcp",
                "security_groups": [],
                "self": false,
                "to_port": 80
              }
            ],
            "name": "Allow-RDP-HTTP",
            "name_prefix": "",
            "owner_id": "168699439230",
            "revoke_rules_on_delete": false,
            "tags": {
              "Name": "Allow-RDP+HTTP"
            },
            "tags_all": {
              "Name": "Allow-RDP+HTTP"
            },
            "timeouts": null,
            "vpc_id": "vpc-09ded4c8f36263f82"
          },
          "sensitive_attributes": [],
          "identity_schema_version": 0,
          "private": "eyJlMmJmYjczMC1lY2FhLTExZTYtOGY4OC0zNDM2M2JjN2M0YzAiOnsiY3JlYXRlIjo2MDAwMDAwMDAwMDAsImRlbGV0ZSI6OTAwMDAwMDAwMDAwfSwic2NoZW1hX3ZlcnNpb24iOiIxIn0=",
          "dependencies": [
            "aws_vpc.Oregon-VPC"
          ]
        }
      ]
    },
    {
      "mode": "managed",
      "type": "aws_security_group",
      "name": "Allow-RDP-HTTP-from-Oregon",
      "provider": "provider[\"registry.terraform.io/hashicorp/aws\"].North_Virginia",
      "instances": [
        {
          "schema_version": 1,
          "attributes": {
            "arn": "arn:aws:ec2:us-east-1:168699439230:security-group/sg-08d54f0c2ded6724b",
            "description": "Allow-RDP-HTTP-from-Oregon",
            "egress": [
              {
                "cidr_blocks": [
                  "10.13.0.0/16"
                ],
                "description": "",
                "from_port": 0,
                "ipv6_cidr_blocks": [],
                "prefix_list_ids": [],
                "protocol": "-1",
                "security_groups": [],
                "self": false,
                "to_port": 0
              }
            ],
            "id": "sg-08d54f0c2ded6724b",
            "ingress": [
              {
                "cidr_blocks": [
                  "10.13.0.0/16"
                ],
                "description": "",
                "from_port": 3389,
                "ipv6_cidr_blocks": [],
                "prefix_list_ids": [],
                "protocol": "tcp",
                "security_groups": [],
                "self": false,
                "to_port": 3389
              },
              {
                "cidr_blocks": [
                  "10.13.0.0/16"
                ],
                "description": "",
                "from_port": 80,
                "ipv6_cidr_blocks": [],
                "prefix_list_ids": [],
                "protocol": "tcp",
                "security_groups": [],
                "self": false,
                "to_port": 80
              }
            ],
            "name": "Allow-RDP-HTTP-from-Oregon",
            "name_prefix": "",
            "owner_id": "168699439230",
            "revoke_rules_on_delete": false,
            "tags": {
              "Name": "Allow-RDP-HTTP-from-Oregon"
            },
            "tags_all": {
              "Name": "Allow-RDP-HTTP-from-Oregon"
            },
            "timeouts": null,
            "vpc_id": "vpc-0a0382a0bef72e306"
          },
          "sensitive_attributes": [],
          "identity_schema_version": 0,
          "private": "eyJlMmJmYjczMC1lY2FhLTExZTYtOGY4OC0zNDM2M2JjN2M0YzAiOnsiY3JlYXRlIjo2MDAwMDAwMDAwMDAsImRlbGV0ZSI6OTAwMDAwMDAwMDAwfSwic2NoZW1hX3ZlcnNpb24iOiIxIn0=",
          "dependencies": [
            "aws_vpc.North_Virginia-VPC"
          ]
        }
      ]
    },
    {
      "mode": "managed",
      "type": "aws_subnet",
      "name": "North_Virginia-Subnet-1",
      "provider": "provider[\"registry.terraform.io/hashicorp/aws\"].North_Virginia",
      "instances": [
        {
          "schema_version": 1,
          "attributes": {
            "arn": "arn:aws:ec2:us-east-1:168699439230:subnet/subnet-0cfd5a99f01b2eaca",
            "assign_ipv6_address_on_creation": false,
            "availability_zone": "us-east-1f",
            "availability_zone_id": "use1-az5",
            "cidr_block": "10.23.1.0/24",
            "customer_owned_ipv4_pool": "",
            "enable_dns64": false,
            "enable_lni_at_device_index": 0,
            "enable_resource_name_dns_a_record_on_launch": false,
            "enable_resource_name_dns_aaaa_record_on_launch": false,
            "id": "subnet-0cfd5a99f01b2eaca",
            "ipv6_cidr_block": "",
            "ipv6_cidr_block_association_id": "",
            "ipv6_native": false,
            "map_customer_owned_ip_on_launch": false,
            "map_public_ip_on_launch": false,
            "outpost_arn": "",
            "owner_id": "168699439230",
            "private_dns_hostname_type_on_launch": "ip-name",
            "tags": {
              "Name": "Dev-Subnet2.1"
            },
            "tags_all": {
              "Name": "Dev-Subnet2.1"
            },
            "timeouts": null,
            "vpc_id": "vpc-0a0382a0bef72e306"
          },
          "sensitive_attributes": [],
          "identity_schema_version": 0,
          "private": "eyJlMmJmYjczMC1lY2FhLTExZTYtOGY4OC0zNDM2M2JjN2M0YzAiOnsiY3JlYXRlIjo2MDAwMDAwMDAwMDAsImRlbGV0ZSI6MTIwMDAwMDAwMDAwMH0sInNjaGVtYV92ZXJzaW9uIjoiMSJ9",
          "dependencies": [
            "aws_vpc.North_Virginia-VPC"
          ]
        }
      ]
    },
    {
      "mode": "managed",
      "type": "aws_subnet",
      "name": "North_Virginia-Subnet-2",
      "provider": "provider[\"registry.terraform.io/hashicorp/aws\"].North_Virginia",
      "instances": [
        {
          "schema_version": 1,
          "attributes": {
            "arn": "arn:aws:ec2:us-east-1:168699439230:subnet/subnet-0c536e1e3fb16f5d2",
            "assign_ipv6_address_on_creation": false,
            "availability_zone": "us-east-1f",
            "availability_zone_id": "use1-az5",
            "cidr_block": "10.23.2.0/24",
            "customer_owned_ipv4_pool": "",
            "enable_dns64": false,
            "enable_lni_at_device_index": 0,
            "enable_resource_name_dns_a_record_on_launch": false,
            "enable_resource_name_dns_aaaa_record_on_launch": false,
            "id": "subnet-0c536e1e3fb16f5d2",
            "ipv6_cidr_block": "",
            "ipv6_cidr_block_association_id": "",
            "ipv6_native": false,
            "map_customer_owned_ip_on_launch": false,
            "map_public_ip_on_launch": false,
            "outpost_arn": "",
            "owner_id": "168699439230",
            "private_dns_hostname_type_on_launch": "ip-name",
            "tags": {
              "Name": "Dev-Subnet2.2"
            },
            "tags_all": {
              "Name": "Dev-Subnet2.2"
            },
            "timeouts": null,
            "vpc_id": "vpc-0a0382a0bef72e306"
          },
          "sensitive_attributes": [],
          "identity_schema_version": 0,
          "private": "eyJlMmJmYjczMC1lY2FhLTExZTYtOGY4OC0zNDM2M2JjN2M0YzAiOnsiY3JlYXRlIjo2MDAwMDAwMDAwMDAsImRlbGV0ZSI6MTIwMDAwMDAwMDAwMH0sInNjaGVtYV92ZXJzaW9uIjoiMSJ9",
          "dependencies": [
            "aws_vpc.North_Virginia-VPC"
          ]
        }
      ]
    },
    {
      "mode": "managed",
      "type": "aws_subnet",
      "name": "Oregon-Subnet-1",
      "provider": "provider[\"registry.terraform.io/hashicorp/aws\"].Oregon",
      "instances": [
        {
          "schema_version": 1,
          "attributes": {
            "arn": "arn:aws:ec2:us-west-2:168699439230:subnet/subnet-034756a8f399709cc",
            "assign_ipv6_address_on_creation": false,
            "availability_zone": "us-west-2a",
            "availability_zone_id": "usw2-az1",
            "cidr_block": "10.13.1.0/24",
            "customer_owned_ipv4_pool": "",
            "enable_dns64": false,
            "enable_lni_at_device_index": 0,
            "enable_resource_name_dns_a_record_on_launch": false,
            "enable_resource_name_dns_aaaa_record_on_launch": false,
            "id": "subnet-034756a8f399709cc",
            "ipv6_cidr_block": "",
            "ipv6_cidr_block_association_id": "",
            "ipv6_native": false,
            "map_customer_owned_ip_on_launch": false,
            "map_public_ip_on_launch": true,
            "outpost_arn": "",
            "owner_id": "168699439230",
            "private_dns_hostname_type_on_launch": "ip-name",
            "tags": {
              "Name": "Dev-Subnet1.1"
            },
            "tags_all": {
              "Name": "Dev-Subnet1.1"
            },
            "timeouts": null,
            "vpc_id": "vpc-09ded4c8f36263f82"
          },
          "sensitive_attributes": [],
          "identity_schema_version": 0,
          "private": "eyJlMmJmYjczMC1lY2FhLTExZTYtOGY4OC0zNDM2M2JjN2M0YzAiOnsiY3JlYXRlIjo2MDAwMDAwMDAwMDAsImRlbGV0ZSI6MTIwMDAwMDAwMDAwMH0sInNjaGVtYV92ZXJzaW9uIjoiMSJ9",
          "dependencies": [
            "aws_vpc.Oregon-VPC"
          ]
        }
      ]
    },
    {
      "mode": "managed",
      "type": "aws_subnet",
      "name": "Oregon-Subnet-2",
      "provider": "provider[\"registry.terraform.io/hashicorp/aws\"].Oregon",
      "instances": [
        {
          "schema_version": 1,
          "attributes": {
            "arn": "arn:aws:ec2:us-west-2:168699439230:subnet/subnet-0c6213ffea05af66b",
            "assign_ipv6_address_on_creation": false,
            "availability_zone": "us-west-2a",
            "availability_zone_id": "usw2-az1",
            "cidr_block": "10.13.2.0/24",
            "customer_owned_ipv4_pool": "",
            "enable_dns64": false,
            "enable_lni_at_device_index": 0,
            "enable_resource_name_dns_a_record_on_launch": false,
            "enable_resource_name_dns_aaaa_record_on_launch": false,
            "id": "subnet-0c6213ffea05af66b",
            "ipv6_cidr_block": "",
            "ipv6_cidr_block_association_id": "",
            "ipv6_native": false,
            "map_customer_owned_ip_on_launch": false,
            "map_public_ip_on_launch": true,
            "outpost_arn": "",
            "owner_id": "168699439230",
            "private_dns_hostname_type_on_launch": "ip-name",
            "tags": {
              "Name": "Dev-Subnet1.2"
            },
            "tags_all": {
              "Name": "Dev-Subnet1.2"
            },
            "timeouts": null,
            "vpc_id": "vpc-09ded4c8f36263f82"
          },
          "sensitive_attributes": [],
          "identity_schema_version": 0,
          "private": "eyJlMmJmYjczMC1lY2FhLTExZTYtOGY4OC0zNDM2M2JjN2M0YzAiOnsiY3JlYXRlIjo2MDAwMDAwMDAwMDAsImRlbGV0ZSI6MTIwMDAwMDAwMDAwMH0sInNjaGVtYV92ZXJzaW9uIjoiMSJ9",
          "dependencies": [
            "aws_vpc.Oregon-VPC"
          ]
        }
      ]
    },
    {
      "mode": "managed",
      "type": "aws_vpc",
      "name": "North_Virginia-VPC",
      "provider": "provider[\"registry.terraform.io/hashicorp/aws\"].North_Virginia",
      "instances": [
        {
          "schema_version": 1,
          "attributes": {
            "arn": "arn:aws:ec2:us-east-1:168699439230:vpc/vpc-0a0382a0bef72e306",
            "assign_generated_ipv6_cidr_block": false,
            "cidr_block": "10.23.0.0/16",
            "default_network_acl_id": "acl-0ca47f08d35e6e808",
            "default_route_table_id": "rtb-09cf9e428b9e586d4",
            "default_security_group_id": "sg-01bf0745d46c5f914",
            "dhcp_options_id": "dopt-0109015c31d39fa0d",
            "enable_dns_hostnames": false,
            "enable_dns_support": true,
            "enable_network_address_usage_metrics": false,
            "id": "vpc-0a0382a0bef72e306",
            "instance_tenancy": "default",
            "ipv4_ipam_pool_id": null,
            "ipv4_netmask_length": null,
            "ipv6_association_id": "",
            "ipv6_cidr_block": "",
            "ipv6_cidr_block_network_border_group": "",
            "ipv6_ipam_pool_id": "",
            "ipv6_netmask_length": 0,
            "main_route_table_id": "rtb-09cf9e428b9e586d4",
            "owner_id": "168699439230",
            "tags": {
              "Name": "Dev-VPC2"
            },
            "tags_all": {
              "Name": "Dev-VPC2"
            }
          },
          "sensitive_attributes": [],
          "identity_schema_version": 0,
          "private": "eyJzY2hlbWFfdmVyc2lvbiI6IjEifQ=="
        }
      ]
    },
    {
      "mode": "managed",
      "type": "aws_vpc",
      "name": "Oregon-VPC",
      "provider": "provider[\"registry.terraform.io/hashicorp/aws\"].Oregon",
      "instances": [
        {
          "schema_version": 1,
          "attributes": {
            "arn": "arn:aws:ec2:us-west-2:168699439230:vpc/vpc-09ded4c8f36263f82",
            "assign_generated_ipv6_cidr_block": false,
            "cidr_block": "10.13.0.0/16",
            "default_network_acl_id": "acl-0dda62dbf195cabea",
            "default_route_table_id": "rtb-0ca2bd8cb2dc21187",
            "default_security_group_id": "sg-0843eb8d02f26a368",
            "dhcp_options_id": "dopt-0dbbb5a5d7b322495",
            "enable_dns_hostnames": false,
            "enable_dns_support": true,
            "enable_network_address_usage_metrics": false,
            "id": "vpc-09ded4c8f36263f82",
            "instance_tenancy": "default",
            "ipv4_ipam_pool_id": null,
            "ipv4_netmask_length": null,
            "ipv6_association_id": "",
            "ipv6_cidr_block": "",
            "ipv6_cidr_block_network_border_group": "",
            "ipv6_ipam_pool_id": "",
            "ipv6_netmask_length": 0,
            "main_route_table_id": "rtb-0ca2bd8cb2dc21187",
            "owner_id": "168699439230",
            "tags": {
              "Name": "Dev-VPC1"
            },
            "tags_all": {
              "Name": "Dev-VPC1"
            }
          },
          "sensitive_attributes": [],
          "identity_schema_version": 0,
          "private": "eyJzY2hlbWFfdmVyc2lvbiI6IjEifQ=="
        }
      ]
    },
    {
      "mode": "managed",
      "type": "aws_vpc_peering_connection",
      "name": "Peering-Request",
      "provider": "provider[\"registry.terraform.io/hashicorp/aws\"].Oregon",
      "instances": [
        {
          "schema_version": 0,
          "attributes": {
            "accept_status": "active",
            "accepter": [
              {
                "allow_remote_vpc_dns_resolution": false
              }
            ],
            "auto_accept": false,
            "id": "pcx-07bc38f78d7d5cbd1",
            "peer_owner_id": "168699439230",
            "peer_region": "us-east-1",
            "peer_vpc_id": "vpc-0a0382a0bef72e306",
            "requester": [
              {
                "allow_remote_vpc_dns_resolution": false
              }
            ],
            "tags": {
              "Name": "VPC Peering between Oregon and North Virginia"
            },
            "tags_all": {
              "Name": "VPC Peering between Oregon and North Virginia"
            },
            "timeouts": null,
            "vpc_id": "vpc-09ded4c8f36263f82"
          },
          "sensitive_attributes": [],
          "identity_schema_version": 0,
          "private": "eyJlMmJmYjczMC1lY2FhLTExZTYtOGY4OC0zNDM2M2JjN2M0YzAiOnsiY3JlYXRlIjo2MDAwMDAwMDAwMCwiZGVsZXRlIjo2MDAwMDAwMDAwMCwidXBkYXRlIjo2MDAwMDAwMDAwMH19",
          "dependencies": [
            "aws_vpc.North_Virginia-VPC",
            "aws_vpc.Oregon-VPC"
          ]
        }
      ]
    },
    {
      "mode": "managed",
      "type": "aws_vpc_peering_connection_accepter",
      "name": "Peering-Accepting",
      "provider": "provider[\"registry.terraform.io/hashicorp/aws\"].North_Virginia",
      "instances": [
        {
          "schema_version": 0,
          "attributes": {
            "accept_status": "active",
            "accepter": [
              {
                "allow_remote_vpc_dns_resolution": false
              }
            ],
            "auto_accept": true,
            "id": "pcx-07bc38f78d7d5cbd1",
            "peer_owner_id": "168699439230",
            "peer_region": "us-east-1",
            "peer_vpc_id": "vpc-0a0382a0bef72e306",
            "requester": [
              {
                "allow_remote_vpc_dns_resolution": false
              }
            ],
            "tags": {
              "Name": "VPC Peering between Oregon and North Virginia"
            },
            "tags_all": {
              "Name": "VPC Peering between Oregon and North Virginia"
            },
            "timeouts": null,
            "vpc_id": "vpc-09ded4c8f36263f82",
            "vpc_peering_connection_id": "pcx-07bc38f78d7d5cbd1"
          },
          "sensitive_attributes": [],
          "identity_schema_version": 0,
          "private": "eyJlMmJmYjczMC1lY2FhLTExZTYtOGY4OC0zNDM2M2JjN2M0YzAiOnsiY3JlYXRlIjo2MDAwMDAwMDAwMCwidXBkYXRlIjo2MDAwMDAwMDAwMH19",
          "dependencies": [
            "aws_vpc.North_Virginia-VPC",
            "aws_vpc.Oregon-VPC",
            "aws_vpc_peering_connection.Peering-Request"
          ]
        }
      ]
    },
    {
      "mode": "managed",
      "type": "aws_vpc_security_group_egress_rule",
      "name": "Allow-Outbound-Any",
      "provider": "provider[\"registry.terraform.io/hashicorp/aws\"].Oregon",
      "instances": [
        {
          "schema_version": 0,
          "attributes": {
            "arn": "arn:aws:ec2:us-west-2:168699439230:security-group-rule/sgr-0cee352aa341f848b",
            "cidr_ipv4": "0.0.0.0/0",
            "cidr_ipv6": null,
            "description": null,
            "from_port": null,
            "id": "sgr-0cee352aa341f848b",
            "ip_protocol": "-1",
            "prefix_list_id": null,
            "referenced_security_group_id": null,
            "security_group_id": "sg-04b554d186f3dd28c",
            "security_group_rule_id": "sgr-0cee352aa341f848b",
            "tags": null,
            "tags_all": {},
            "to_port": null
          },
          "sensitive_attributes": [],
          "identity_schema_version": 0,
          "dependencies": [
            "aws_security_group.Allow-RDP-HTTP",
            "aws_vpc.Oregon-VPC"
          ]
        }
      ]
    },
    {
      "mode": "managed",
      "type": "aws_vpc_security_group_egress_rule",
      "name": "Allow-Outbound-from-Oregon",
      "provider": "provider[\"registry.terraform.io/hashicorp/aws\"].North_Virginia",
      "instances": [
        {
          "schema_version": 0,
          "attributes": {
            "arn": "arn:aws:ec2:us-east-1:168699439230:security-group-rule/sgr-0997d83c2e7a35161",
            "cidr_ipv4": "10.13.0.0/16",
            "cidr_ipv6": null,
            "description": null,
            "from_port": null,
            "id": "sgr-0997d83c2e7a35161",
            "ip_protocol": "-1",
            "prefix_list_id": null,
            "referenced_security_group_id": null,
            "security_group_id": "sg-08d54f0c2ded6724b",
            "security_group_rule_id": "sgr-0997d83c2e7a35161",
            "tags": null,
            "tags_all": {},
            "to_port": null
          },
          "sensitive_attributes": [],
          "identity_schema_version": 0,
          "dependencies": [
            "aws_security_group.Allow-RDP-HTTP-from-Oregon",
            "aws_vpc.North_Virginia-VPC"
          ]
        }
      ]
    },
    {
      "mode": "managed",
      "type": "aws_vpc_security_group_ingress_rule",
      "name": "Allow-Inbound-HTTP",
      "provider": "provider[\"registry.terraform.io/hashicorp/aws\"].Oregon",
      "instances": [
        {
          "schema_version": 0,
          "attributes": {
            "arn": "arn:aws:ec2:us-west-2:168699439230:security-group-rule/sgr-0c9493eecfc230fb0",
            "cidr_ipv4": "0.0.0.0/0",
            "cidr_ipv6": null,
            "description": null,
            "from_port": 80,
            "id": "sgr-0c9493eecfc230fb0",
            "ip_protocol": "tcp",
            "prefix_list_id": null,
            "referenced_security_group_id": null,
            "security_group_id": "sg-04b554d186f3dd28c",
            "security_group_rule_id": "sgr-0c9493eecfc230fb0",
            "tags": null,
            "tags_all": {},
            "to_port": 80
          },
          "sensitive_attributes": [],
          "identity_schema_version": 0,
          "dependencies": [
            "aws_security_group.Allow-RDP-HTTP",
            "aws_vpc.Oregon-VPC"
          ]
        }
      ]
    },
    {
      "mode": "managed",
      "type": "aws_vpc_security_group_ingress_rule",
      "name": "Allow-Inbound-HTTP-from-Oregon",
      "provider": "provider[\"registry.terraform.io/hashicorp/aws\"].North_Virginia",
      "instances": [
        {
          "schema_version": 0,
          "attributes": {
            "arn": "arn:aws:ec2:us-east-1:168699439230:security-group-rule/sgr-0d935552c627240eb",
            "cidr_ipv4": "10.13.0.0/16",
            "cidr_ipv6": null,
            "description": null,
            "from_port": 80,
            "id": "sgr-0d935552c627240eb",
            "ip_protocol": "tcp",
            "prefix_list_id": null,
            "referenced_security_group_id": null,
            "security_group_id": "sg-08d54f0c2ded6724b",
            "security_group_rule_id": "sgr-0d935552c627240eb",
            "tags": null,
            "tags_all": {},
            "to_port": 80
          },
          "sensitive_attributes": [],
          "identity_schema_version": 0,
          "dependencies": [
            "aws_security_group.Allow-RDP-HTTP-from-Oregon",
            "aws_vpc.North_Virginia-VPC"
          ]
        }
      ]
    },
    {
      "mode": "managed",
      "type": "aws_vpc_security_group_ingress_rule",
      "name": "Allow-Inbound-RDP",
      "provider": "provider[\"registry.terraform.io/hashicorp/aws\"].Oregon",
      "instances": [
        {
          "schema_version": 0,
          "attributes": {
            "arn": "arn:aws:ec2:us-west-2:168699439230:security-group-rule/sgr-03ceccd7d9707dc0b",
            "cidr_ipv4": "0.0.0.0/0",
            "cidr_ipv6": null,
            "description": null,
            "from_port": 3389,
            "id": "sgr-03ceccd7d9707dc0b",
            "ip_protocol": "tcp",
            "prefix_list_id": null,
            "referenced_security_group_id": null,
            "security_group_id": "sg-04b554d186f3dd28c",
            "security_group_rule_id": "sgr-03ceccd7d9707dc0b",
            "tags": null,
            "tags_all": {},
            "to_port": 3389
          },
          "sensitive_attributes": [],
          "identity_schema_version": 0,
          "dependencies": [
            "aws_security_group.Allow-RDP-HTTP",
            "aws_vpc.Oregon-VPC"
          ]
        }
      ]
    },
    {
      "mode": "managed",
      "type": "aws_vpc_security_group_ingress_rule",
      "name": "Allow-Inbound-RDP-from-Oregon",
      "provider": "provider[\"registry.terraform.io/hashicorp/aws\"].North_Virginia",
      "instances": [
        {
          "schema_version": 0,
          "attributes": {
            "arn": "arn:aws:ec2:us-east-1:168699439230:security-group-rule/sgr-0d334eb7747defcc0",
            "cidr_ipv4": "10.13.0.0/16",
            "cidr_ipv6": null,
            "description": null,
            "from_port": 3389,
            "id": "sgr-0d334eb7747defcc0",
            "ip_protocol": "tcp",
            "prefix_list_id": null,
            "referenced_security_group_id": null,
            "security_group_id": "sg-08d54f0c2ded6724b",
            "security_group_rule_id": "sgr-0d334eb7747defcc0",
            "tags": null,
            "tags_all": {},
            "to_port": 3389
          },
          "sensitive_attributes": [],
          "identity_schema_version": 0,
          "dependencies": [
            "aws_security_group.Allow-RDP-HTTP-from-Oregon",
            "aws_vpc.North_Virginia-VPC"
          ]
        }
      ]
    },
    {
      "mode": "managed",
      "type": "local_file",
      "name": "PrivateKey",
      "provider": "provider[\"registry.terraform.io/hashicorp/local\"]",
      "instances": [
        {
          "schema_version": 0,
          "attributes": {
            "content": "-----BEGIN RSA PRIVATE KEY-----\nMIIJJwIBAAKCAgEAqvfsMcaEBZSVj6h3dZMv1fh23BmY/lL11+lIITxuBjlSMH6X\nLoIUFGocPILfD5dzHnZrU5k4G8gAAyBPg8VklXEB51NRbISDJt4HdG6DR52dr/eC\nMSPN1Xf9knEchtYws6Q38lDTpHZHC1yv0Ri2wDBUCnAI7l84jp6GLoZ3hv3cRBST\nGrrfKPpzKT0AMDOWhlDdT0s6kX/z4tkxbsCQkjfJfejcWFX11DpK4LysLyHLBqyv\ntcbBs4dbYccPZuTT1w1I54lcjyzrMcZh4DAxmwUn9vc45j0qeri1Omx+qsIswyNc\ncEpIxziFgyrWWyF+VTFiftm83ErZVt4e3voT+199i4EP4LM+PBebW1vd26oDjjYk\nuxasECoBeg/UHaJSp5A3zTUZgZcENYNBK/otJPjq9lV8RE78kL8NfvOSaSQY+gSc\niA9Zr9aR0ztJXPwxF1iq3p8z0CUdIUZhntucJSuBhNwZiD3E/Ib6Ol/mH5J2pGUD\nSV7gg6i5MYzUcEZzOybSxEbCJFabWrU1pulzKzs3VuuimKYc+40t/NEIcZuywk7Q\nCdzo0iSkCHZGP1/j8/mb8WUGptkkjL9I6IjJik672DKh0ixtxgihvQacbKdBFQai\nUNSWK0Ti3+4rWp6A+6ItYoZquQYgC67KjaHY4UFhf5r+jUcdd2dZyXUOMIUCAwEA\nAQKCAgABV4utUq1VHOGKpzbJf7kDpoe0+md1cZcX6tnD1wVXEP/zPP8jSzvsnW5G\nJFHWExPWf0qgNUbtODtAdbJiFVHQ4XpIw6I95jwK+U8DgTLlxEKJWnmVY1OkM2T/\nD1pluDcu0HZsSr71NBoifZ0CA2i7JqCg6gML70fn81htc4/rHuwpxaPnn7liM+Bl\nCGNLaDrsKCTV5eraWwUsoz9MgFWc1t7C7qm8xhn1S0AstkEUvUtqbJRpf8X5SodI\nrnG8FpuPZ9LfbGLYsIXSa3KiZPEdZ3jflaOxnPUhJvjXMfmm4092Iv2ArSNCmw/j\nORobIi7AwkU6ESv2v7NSh6ZO4kAiDkjbA/orIgYbtDReTCJIUUL7JhKLmvXn87EV\nNgmE60Aqg7DDYIYNadzCB3C5ms3kuGG7/X21subUXDFHymwozjltkSfQUvnkWZec\n52ZUakRe7FlJneRujyB7pKOZGEKojmhDrWQKv/wyEO7Jxzso+g8uoT+SbEaIunEe\nh4lgf4Sq/OSnCvii4g8TYEcfTjyQaqgoFCM45ok2INTOErMGeradbFNcUem6mP1t\nKkE7Ls7eKfToEFAr2Ec0fXcCusFETtnCPEVx8corIqwH8HzSvrLuBaLzilUHvZ9q\nF7BlPGIdRp9+RUKzRf/7k9Dlfr9aXPVsu8NAEzG1oi/j0Dj4UQKCAQEAzegzY2Bd\nHpQ00ndhgTo/8C5pFYTdPEOcph0K6lTVPIlqly3f8dFROh5z8/yCn4VT6ZsgD5Ac\nHhYZZV/xtj4Bo4C4ktkz5B5liMgCYTA1cPd3nqvqeqnnPko6igivKUCpRJxWZ9sD\nVp538gTgG0thEtahkSrR5g68IvhnoIokHtPAigJw79CVY3qf0541BJOzWKK9OcKF\npDFH+T5QHE1iFVpoSK1Nvlip6W2XJFV/SjKRKTLhP/g2730jYA1eDA1iE53k48oB\nxzLWD9s4ND1hVXuWwazDilm9wh9EklY5UkmhaZdKsZTjYa2aZdztR0Vw2g0S7/gD\nzAxxQpTtG+/I8QKCAQEA1I/DHHlsLaeiVw+8uYwJGq8+ZeikfvV+9DhA+JgQEfj2\ntaKBlgKXK5YPwhFsK4EHdQVrP7oMbtf8qxktVzt9v0P3VfQxEIqLdmgnWp/xtTef\nHp+2TZIajfjg87cqkqwHYJ5j1TfwLLlsgZ9cf3DhJFn0mJuLKeFUPsoNEd40+7Sg\nR3rNiMkShdS/BK1CMJSpVTYNypurc1RVdYehVz9uCuwWCo5nYe3VrZ51IM671c1v\nLUUuOex6DonK07lZldOjzBuLM3ce8uvuWdFJjPFSJAZo4PxuVgUm+b/5h3dG+wH7\nrHJQr6Z/0oSmt3YTp39FSN8MkdG+DVE5SYrCf0wA1QKCAQBdRM7yNtY3Yb7Djxv1\no2MO8pbbDoIAKEgu3nzxRFgKwdwserU0HjKC9wRjAoBQrd4itQfCxO5Xmn8KcnlU\nqaWoYEg7DHP64uHvIVoil+m9L/tZPlpKEegTSSBXIjPlpcqGr6JcDNLoS4PdduPk\nuTJRjDNHRHQrl4UU+hxGlgxiglx2p0BtALiKhSMcgk9VsWnNvnmkTj6m70PA3L8A\n8vR446jVMttCW3srp16NMMUl4N3sIYXyqgaIWNDLU4LERtOkOyNRI1HG33ojWJOO\n5jbOt9rEA/PXGWthITS4bKIuaffZkpRc+Co/Npn3hilc3VGPE9j+JgPiS8iJ9lep\nDeahAoIBAEjQXnP4nDgffpr4RxwAfnXnpiZexUrAahba1lbSMF8Xu9uIqX9rr8E8\njHVcZoOYladejdissOmfj2xFGaUSOgc1DxsgpVYXP6L2FtUSiUgcn6Nr7pUwAWy0\n3spd6nWH/Jb6axR1Lw8DDcpxfswhLN64+fL1BXz5NVS0/jkqt1eqDmWuCY5b4r55\nnF3LxCrEIiWQeLT5EohVUVkLdxdeISIYsYw4L+35/QKWj2UHrIyW7QjC9Azflwg3\n54UTrz6F20xl+w9MNQveCi42ZU2ktRCmKXM4xcstxKY1PxNKpsQBb+co2b7x+ENz\nMXETP7RXArLtxW6GPOZu9oLcx7e3n2kCggEAM0ThwsC15GQVIyNpl0TyFDK+8sgS\nevuKsKkDniIhAP8z/q3GYjMJ0H2mMJd/+mW6/tU5gD/bOXkGmsh2sH50eXNRNdux\nQz5mODZaaTNBZo7PhDpXAAhzYzRTM+hrwoYsH0E4MbxBQ3z/Re96sSKTxoSN6yxl\nWZDAkiw9tysZUlsowZpo2sBs3Fi3TGwrygNtL8uRpTjNo4g0vdo0NrVTt4fSrr8P\n1E/hPvNaV3LvFfFghLIuc3exR3Mr1OVM5RkIAo6HOXxdrIwyno0x/soKKbvEISrC\nbZjea69MF65BSxHBsJHVyAUy/vRW/ULG48BylUkXusioGS5uMvIAA9NUVQ==\n-----END RSA PRIVATE KEY-----\n",
            "content_base64": null,
            "content_base64sha256": "ZI6ucMa3S1OInhyXz0brWka12OTY4uOz3QyrhifiBS8=",
            "content_base64sha512": "2OjThiwj9dztVEX6hDhfR28CeP0AuN+b2+c+zpr3QrMDGZMQ4EuxmfAW/jyv++XKVhEmNP8Q07LVegSKMhAIXg==",
            "content_md5": "9436ec19c08a6c32553714e0a3724da5",
            "content_sha1": "35e3a9a407c590ecc3e4053f96093ac17d7f43d2",
            "content_sha256": "648eae70c6b74b53889e1c97cf46eb5a46b5d8e4d8e2e3b3dd0cab8627e2052f",
            "content_sha512": "d8e8d3862c23f5dced5445fa84385f476f0278fd00b8df9bdbe73ece9af742b303199310e04bb199f016fe3caffbe5ca56112634ff10d3b2d57a048a3210085e",
            "directory_permission": "0777",
            "file_permission": "0777",
            "filename": "./KeyPair.pem",
            "id": "35e3a9a407c590ecc3e4053f96093ac17d7f43d2",
            "sensitive_content": null,
            "source": null
          },
          "sensitive_attributes": [
            [
              {
                "type": "get_attr",
                "value": "content"
              }
            ],
            [
              {
                "type": "get_attr",
                "value": "sensitive_content"
              }
            ]
          ],
          "identity_schema_version": 0,
          "dependencies": [
            "tls_private_key.KeyPairGeneration"
          ]
        }
      ]
    },
    {
      "mode": "managed",
      "type": "tls_private_key",
      "name": "KeyPairGeneration",
      "provider": "provider[\"registry.terraform.io/hashicorp/tls\"]",
      "instances": [
        {
          "schema_version": 1,
          "attributes": {
            "algorithm": "RSA",
            "ecdsa_curve": "P224",
            "id": "dc63f253d0af193255bccd07f66abd550699e6e1",
            "private_key_openssh": "-----BEGIN OPENSSH PRIVATE KEY-----\nb3BlbnNzaC1rZXktdjEAAAAABG5vbmUAAAAEbm9uZQAAAAAAAAABAAACFwAAAAdz\nc2gtcnNhAAAAAwEAAQAAAgEAqvfsMcaEBZSVj6h3dZMv1fh23BmY/lL11+lIITxu\nBjlSMH6XLoIUFGocPILfD5dzHnZrU5k4G8gAAyBPg8VklXEB51NRbISDJt4HdG6D\nR52dr/eCMSPN1Xf9knEchtYws6Q38lDTpHZHC1yv0Ri2wDBUCnAI7l84jp6GLoZ3\nhv3cRBSTGrrfKPpzKT0AMDOWhlDdT0s6kX/z4tkxbsCQkjfJfejcWFX11DpK4Lys\nLyHLBqyvtcbBs4dbYccPZuTT1w1I54lcjyzrMcZh4DAxmwUn9vc45j0qeri1Omx+\nqsIswyNccEpIxziFgyrWWyF+VTFiftm83ErZVt4e3voT+199i4EP4LM+PBebW1vd\n26oDjjYkuxasECoBeg/UHaJSp5A3zTUZgZcENYNBK/otJPjq9lV8RE78kL8NfvOS\naSQY+gSciA9Zr9aR0ztJXPwxF1iq3p8z0CUdIUZhntucJSuBhNwZiD3E/Ib6Ol/m\nH5J2pGUDSV7gg6i5MYzUcEZzOybSxEbCJFabWrU1pulzKzs3VuuimKYc+40t/NEI\ncZuywk7QCdzo0iSkCHZGP1/j8/mb8WUGptkkjL9I6IjJik672DKh0ixtxgihvQac\nbKdBFQaiUNSWK0Ti3+4rWp6A+6ItYoZquQYgC67KjaHY4UFhf5r+jUcdd2dZyXUO\nMIUAAAc4JXhLsSV4S7EAAAAHc3NoLXJzYQAAAgEAqvfsMcaEBZSVj6h3dZMv1fh2\n3BmY/lL11+lIITxuBjlSMH6XLoIUFGocPILfD5dzHnZrU5k4G8gAAyBPg8VklXEB\n51NRbISDJt4HdG6DR52dr/eCMSPN1Xf9knEchtYws6Q38lDTpHZHC1yv0Ri2wDBU\nCnAI7l84jp6GLoZ3hv3cRBSTGrrfKPpzKT0AMDOWhlDdT0s6kX/z4tkxbsCQkjfJ\nfejcWFX11DpK4LysLyHLBqyvtcbBs4dbYccPZuTT1w1I54lcjyzrMcZh4DAxmwUn\n9vc45j0qeri1Omx+qsIswyNccEpIxziFgyrWWyF+VTFiftm83ErZVt4e3voT+199\ni4EP4LM+PBebW1vd26oDjjYkuxasECoBeg/UHaJSp5A3zTUZgZcENYNBK/otJPjq\n9lV8RE78kL8NfvOSaSQY+gSciA9Zr9aR0ztJXPwxF1iq3p8z0CUdIUZhntucJSuB\nhNwZiD3E/Ib6Ol/mH5J2pGUDSV7gg6i5MYzUcEZzOybSxEbCJFabWrU1pulzKzs3\nVuuimKYc+40t/NEIcZuywk7QCdzo0iSkCHZGP1/j8/mb8WUGptkkjL9I6IjJik67\n2DKh0ixtxgihvQacbKdBFQaiUNSWK0Ti3+4rWp6A+6ItYoZquQYgC67KjaHY4UFh\nf5r+jUcdd2dZyXUOMIUAAAADAQABAAACAAFXi61SrVUc4YqnNsl/uQOmh7T6Z3Vx\nlxfq2cPXBVcQ//M8/yNLO+ydbkYkUdYTE9Z/SqA1Ru04O0B1smIVUdDhekjDoj3m\nPAr5TwOBMuXEQolaeZVjU6QzZP8PWmW4Ny7QdmxKvvU0GiJ9nQIDaLsmoKDqAwvv\nR+fzWG1zj+se7CnFo+efuWIz4GUIY0toOuwoJNXl6tpbBSyjP0yAVZzW3sLuqbzG\nGfVLQCy2QRS9S2pslGl/xflKh0iucbwWm49n0t9sYtiwhdJrcqJk8R1neN+Vo7Gc\n9SEm+Ncx+abjT3Yi/YCtI0KbD+M5GhsiLsDCRToRK/a/s1KHpk7iQCIOSNsD+isi\nBhu0NF5MIkhRQvsmEoua9efzsRU2CYTrQCqDsMNghg1p3MIHcLmazeS4Ybv9fbWy\n5tRcMUfKbCjOOW2RJ9BS+eRZl5znZlRqRF7sWUmd5G6PIHuko5kYQqiOaEOtZAq/\n/DIQ7snHOyj6Dy6hP5JsRoi6cR6HiWB/hKr85KcK+KLiDxNgRx9OPJBqqCgUIzjm\niTYg1M4SswZ6tp1sU1xR6bqY/W0qQTsuzt4p9OgQUCvYRzR9dwK6wURO2cI8RXHx\nyisirAfwfNK+su4FovOKVQe9n2oXsGU8Yh1Gn35FQrNF//uT0OV+v1pc9Wy7w0AT\nMbWiL+PQOPhRAAABADNE4cLAteRkFSMjaZdE8hQyvvLIEnr7irCpA54iIQD/M/6t\nxmIzCdB9pjCXf/pluv7VOYA/2zl5BprIdrB+dHlzUTXbsUM+Zjg2WmkzQWaOz4Q6\nVwAIc2M0UzPoa8KGLB9BODG8QUN8/0XverEik8aEjessZVmQwJIsPbcrGVJbKMGa\naNrAbNxYt0xsK8oDbS/LkaU4zaOINL3aNDa1U7eH0q6/D9RP4T7zWldy7xXxYISy\nLnN3sUdzK9TlTOUZCAKOhzl8XayMMp6NMf7KCim7xCEqwm2Y3muvTBeuQUsRwbCR\n1cgFMv70Vv1CxuPAcpVJF7rIqBkubjLyAAPTVFUAAAEBAM3oM2NgXR6UNNJ3YYE6\nP/AuaRWE3TxDnKYdCupU1TyJapct3/HRUToec/P8gp+FU+mbIA+QHB4WGWVf8bY+\nAaOAuJLZM+QeZYjIAmEwNXD3d56r6nqp5z5KOooIrylAqUScVmfbA1aed/IE4BtL\nYRLWoZEq0eYOvCL4Z6CKJB7TwIoCcO/QlWN6n9OeNQSTs1iivTnChaQxR/k+UBxN\nYhVaaEitTb5YqeltlyRVf0oykSky4T/4Nu99I2ANXgwNYhOd5OPKAccy1g/bODQ9\nYVV7lsGsw4pZvcIfRJJWOVJJoWmXSrGU42GtmmXc7UdFcNoNEu/4A8wMcUKU7Rvv\nyPEAAAEBANSPwxx5bC2nolcPvLmMCRqvPmXopH71fvQ4QPiYEBH49rWigZYClyuW\nD8IRbCuBB3UFaz+6DG7X/KsZLVc7fb9D91X0MRCKi3ZoJ1qf8bU3nx6ftk2SGo34\n4PO3KpKsB2CeY9U38Cy5bIGfXH9w4SRZ9JibiynhVD7KDRHeNPu0oEd6zYjJEoXU\nvwStQjCUqVU2Dcqbq3NUVXWHoVc/bgrsFgqOZ2Ht1a2edSDOu9XNby1FLjnseg6J\nytO5WZXTo8wbizN3HvLr7lnRSYzxUiQGaOD8blYFJvm/+Yd3RvsB+6xyUK+mf9KE\nprd2E6d/RUjfDJHRvg1ROUmKwn9MANUAAAAAAQID\n-----END OPENSSH PRIVATE KEY-----\n",
            "private_key_pem": "-----BEGIN RSA PRIVATE KEY-----\nMIIJJwIBAAKCAgEAqvfsMcaEBZSVj6h3dZMv1fh23BmY/lL11+lIITxuBjlSMH6X\nLoIUFGocPILfD5dzHnZrU5k4G8gAAyBPg8VklXEB51NRbISDJt4HdG6DR52dr/eC\nMSPN1Xf9knEchtYws6Q38lDTpHZHC1yv0Ri2wDBUCnAI7l84jp6GLoZ3hv3cRBST\nGrrfKPpzKT0AMDOWhlDdT0s6kX/z4tkxbsCQkjfJfejcWFX11DpK4LysLyHLBqyv\ntcbBs4dbYccPZuTT1w1I54lcjyzrMcZh4DAxmwUn9vc45j0qeri1Omx+qsIswyNc\ncEpIxziFgyrWWyF+VTFiftm83ErZVt4e3voT+199i4EP4LM+PBebW1vd26oDjjYk\nuxasECoBeg/UHaJSp5A3zTUZgZcENYNBK/otJPjq9lV8RE78kL8NfvOSaSQY+gSc\niA9Zr9aR0ztJXPwxF1iq3p8z0CUdIUZhntucJSuBhNwZiD3E/Ib6Ol/mH5J2pGUD\nSV7gg6i5MYzUcEZzOybSxEbCJFabWrU1pulzKzs3VuuimKYc+40t/NEIcZuywk7Q\nCdzo0iSkCHZGP1/j8/mb8WUGptkkjL9I6IjJik672DKh0ixtxgihvQacbKdBFQai\nUNSWK0Ti3+4rWp6A+6ItYoZquQYgC67KjaHY4UFhf5r+jUcdd2dZyXUOMIUCAwEA\nAQKCAgABV4utUq1VHOGKpzbJf7kDpoe0+md1cZcX6tnD1wVXEP/zPP8jSzvsnW5G\nJFHWExPWf0qgNUbtODtAdbJiFVHQ4XpIw6I95jwK+U8DgTLlxEKJWnmVY1OkM2T/\nD1pluDcu0HZsSr71NBoifZ0CA2i7JqCg6gML70fn81htc4/rHuwpxaPnn7liM+Bl\nCGNLaDrsKCTV5eraWwUsoz9MgFWc1t7C7qm8xhn1S0AstkEUvUtqbJRpf8X5SodI\nrnG8FpuPZ9LfbGLYsIXSa3KiZPEdZ3jflaOxnPUhJvjXMfmm4092Iv2ArSNCmw/j\nORobIi7AwkU6ESv2v7NSh6ZO4kAiDkjbA/orIgYbtDReTCJIUUL7JhKLmvXn87EV\nNgmE60Aqg7DDYIYNadzCB3C5ms3kuGG7/X21subUXDFHymwozjltkSfQUvnkWZec\n52ZUakRe7FlJneRujyB7pKOZGEKojmhDrWQKv/wyEO7Jxzso+g8uoT+SbEaIunEe\nh4lgf4Sq/OSnCvii4g8TYEcfTjyQaqgoFCM45ok2INTOErMGeradbFNcUem6mP1t\nKkE7Ls7eKfToEFAr2Ec0fXcCusFETtnCPEVx8corIqwH8HzSvrLuBaLzilUHvZ9q\nF7BlPGIdRp9+RUKzRf/7k9Dlfr9aXPVsu8NAEzG1oi/j0Dj4UQKCAQEAzegzY2Bd\nHpQ00ndhgTo/8C5pFYTdPEOcph0K6lTVPIlqly3f8dFROh5z8/yCn4VT6ZsgD5Ac\nHhYZZV/xtj4Bo4C4ktkz5B5liMgCYTA1cPd3nqvqeqnnPko6igivKUCpRJxWZ9sD\nVp538gTgG0thEtahkSrR5g68IvhnoIokHtPAigJw79CVY3qf0541BJOzWKK9OcKF\npDFH+T5QHE1iFVpoSK1Nvlip6W2XJFV/SjKRKTLhP/g2730jYA1eDA1iE53k48oB\nxzLWD9s4ND1hVXuWwazDilm9wh9EklY5UkmhaZdKsZTjYa2aZdztR0Vw2g0S7/gD\nzAxxQpTtG+/I8QKCAQEA1I/DHHlsLaeiVw+8uYwJGq8+ZeikfvV+9DhA+JgQEfj2\ntaKBlgKXK5YPwhFsK4EHdQVrP7oMbtf8qxktVzt9v0P3VfQxEIqLdmgnWp/xtTef\nHp+2TZIajfjg87cqkqwHYJ5j1TfwLLlsgZ9cf3DhJFn0mJuLKeFUPsoNEd40+7Sg\nR3rNiMkShdS/BK1CMJSpVTYNypurc1RVdYehVz9uCuwWCo5nYe3VrZ51IM671c1v\nLUUuOex6DonK07lZldOjzBuLM3ce8uvuWdFJjPFSJAZo4PxuVgUm+b/5h3dG+wH7\nrHJQr6Z/0oSmt3YTp39FSN8MkdG+DVE5SYrCf0wA1QKCAQBdRM7yNtY3Yb7Djxv1\no2MO8pbbDoIAKEgu3nzxRFgKwdwserU0HjKC9wRjAoBQrd4itQfCxO5Xmn8KcnlU\nqaWoYEg7DHP64uHvIVoil+m9L/tZPlpKEegTSSBXIjPlpcqGr6JcDNLoS4PdduPk\nuTJRjDNHRHQrl4UU+hxGlgxiglx2p0BtALiKhSMcgk9VsWnNvnmkTj6m70PA3L8A\n8vR446jVMttCW3srp16NMMUl4N3sIYXyqgaIWNDLU4LERtOkOyNRI1HG33ojWJOO\n5jbOt9rEA/PXGWthITS4bKIuaffZkpRc+Co/Npn3hilc3VGPE9j+JgPiS8iJ9lep\nDeahAoIBAEjQXnP4nDgffpr4RxwAfnXnpiZexUrAahba1lbSMF8Xu9uIqX9rr8E8\njHVcZoOYladejdissOmfj2xFGaUSOgc1DxsgpVYXP6L2FtUSiUgcn6Nr7pUwAWy0\n3spd6nWH/Jb6axR1Lw8DDcpxfswhLN64+fL1BXz5NVS0/jkqt1eqDmWuCY5b4r55\nnF3LxCrEIiWQeLT5EohVUVkLdxdeISIYsYw4L+35/QKWj2UHrIyW7QjC9Azflwg3\n54UTrz6F20xl+w9MNQveCi42ZU2ktRCmKXM4xcstxKY1PxNKpsQBb+co2b7x+ENz\nMXETP7RXArLtxW6GPOZu9oLcx7e3n2kCggEAM0ThwsC15GQVIyNpl0TyFDK+8sgS\nevuKsKkDniIhAP8z/q3GYjMJ0H2mMJd/+mW6/tU5gD/bOXkGmsh2sH50eXNRNdux\nQz5mODZaaTNBZo7PhDpXAAhzYzRTM+hrwoYsH0E4MbxBQ3z/Re96sSKTxoSN6yxl\nWZDAkiw9tysZUlsowZpo2sBs3Fi3TGwrygNtL8uRpTjNo4g0vdo0NrVTt4fSrr8P\n1E/hPvNaV3LvFfFghLIuc3exR3Mr1OVM5RkIAo6HOXxdrIwyno0x/soKKbvEISrC\nbZjea69MF65BSxHBsJHVyAUy/vRW/ULG48BylUkXusioGS5uMvIAA9NUVQ==\n-----END RSA PRIVATE KEY-----\n",
            "private_key_pem_pkcs8": "-----BEGIN PRIVATE KEY-----\nMIIJQQIBADANBgkqhkiG9w0BAQEFAASCCSswggknAgEAAoICAQCq9+wxxoQFlJWP\nqHd1ky/V+HbcGZj+UvXX6UghPG4GOVIwfpcughQUahw8gt8Pl3MedmtTmTgbyAAD\nIE+DxWSVcQHnU1FshIMm3gd0boNHnZ2v94IxI83Vd/2ScRyG1jCzpDfyUNOkdkcL\nXK/RGLbAMFQKcAjuXziOnoYuhneG/dxEFJMaut8o+nMpPQAwM5aGUN1PSzqRf/Pi\n2TFuwJCSN8l96NxYVfXUOkrgvKwvIcsGrK+1xsGzh1thxw9m5NPXDUjniVyPLOsx\nxmHgMDGbBSf29zjmPSp6uLU6bH6qwizDI1xwSkjHOIWDKtZbIX5VMWJ+2bzcStlW\n3h7e+hP7X32LgQ/gsz48F5tbW93bqgOONiS7FqwQKgF6D9QdolKnkDfNNRmBlwQ1\ng0Er+i0k+Or2VXxETvyQvw1+85JpJBj6BJyID1mv1pHTO0lc/DEXWKrenzPQJR0h\nRmGe25wlK4GE3BmIPcT8hvo6X+YfknakZQNJXuCDqLkxjNRwRnM7JtLERsIkVpta\ntTWm6XMrOzdW66KYphz7jS380Qhxm7LCTtAJ3OjSJKQIdkY/X+Pz+ZvxZQam2SSM\nv0joiMmKTrvYMqHSLG3GCKG9Bpxsp0EVBqJQ1JYrROLf7itanoD7oi1ihmq5BiAL\nrsqNodjhQWF/mv6NRx13Z1nJdQ4whQIDAQABAoICAAFXi61SrVUc4YqnNsl/uQOm\nh7T6Z3Vxlxfq2cPXBVcQ//M8/yNLO+ydbkYkUdYTE9Z/SqA1Ru04O0B1smIVUdDh\nekjDoj3mPAr5TwOBMuXEQolaeZVjU6QzZP8PWmW4Ny7QdmxKvvU0GiJ9nQIDaLsm\noKDqAwvvR+fzWG1zj+se7CnFo+efuWIz4GUIY0toOuwoJNXl6tpbBSyjP0yAVZzW\n3sLuqbzGGfVLQCy2QRS9S2pslGl/xflKh0iucbwWm49n0t9sYtiwhdJrcqJk8R1n\neN+Vo7Gc9SEm+Ncx+abjT3Yi/YCtI0KbD+M5GhsiLsDCRToRK/a/s1KHpk7iQCIO\nSNsD+isiBhu0NF5MIkhRQvsmEoua9efzsRU2CYTrQCqDsMNghg1p3MIHcLmazeS4\nYbv9fbWy5tRcMUfKbCjOOW2RJ9BS+eRZl5znZlRqRF7sWUmd5G6PIHuko5kYQqiO\naEOtZAq//DIQ7snHOyj6Dy6hP5JsRoi6cR6HiWB/hKr85KcK+KLiDxNgRx9OPJBq\nqCgUIzjmiTYg1M4SswZ6tp1sU1xR6bqY/W0qQTsuzt4p9OgQUCvYRzR9dwK6wURO\n2cI8RXHxyisirAfwfNK+su4FovOKVQe9n2oXsGU8Yh1Gn35FQrNF//uT0OV+v1pc\n9Wy7w0ATMbWiL+PQOPhRAoIBAQDN6DNjYF0elDTSd2GBOj/wLmkVhN08Q5ymHQrq\nVNU8iWqXLd/x0VE6HnPz/IKfhVPpmyAPkBweFhllX/G2PgGjgLiS2TPkHmWIyAJh\nMDVw93eeq+p6qec+SjqKCK8pQKlEnFZn2wNWnnfyBOAbS2ES1qGRKtHmDrwi+Geg\niiQe08CKAnDv0JVjep/TnjUEk7NYor05woWkMUf5PlAcTWIVWmhIrU2+WKnpbZck\nVX9KMpEpMuE/+DbvfSNgDV4MDWITneTjygHHMtYP2zg0PWFVe5bBrMOKWb3CH0SS\nVjlSSaFpl0qxlONhrZpl3O1HRXDaDRLv+APMDHFClO0b78jxAoIBAQDUj8MceWwt\np6JXD7y5jAkarz5l6KR+9X70OED4mBAR+Pa1ooGWApcrlg/CEWwrgQd1BWs/ugxu\n1/yrGS1XO32/Q/dV9DEQiot2aCdan/G1N58en7ZNkhqN+ODztyqSrAdgnmPVN/As\nuWyBn1x/cOEkWfSYm4sp4VQ+yg0R3jT7tKBHes2IyRKF1L8ErUIwlKlVNg3Km6tz\nVFV1h6FXP24K7BYKjmdh7dWtnnUgzrvVzW8tRS457HoOicrTuVmV06PMG4szdx7y\n6+5Z0UmM8VIkBmjg/G5WBSb5v/mHd0b7AfusclCvpn/ShKa3dhOnf0VI3wyR0b4N\nUTlJisJ/TADVAoIBAF1EzvI21jdhvsOPG/WjYw7yltsOggAoSC7efPFEWArB3Cx6\ntTQeMoL3BGMCgFCt3iK1B8LE7leafwpyeVSppahgSDsMc/ri4e8hWiKX6b0v+1k+\nWkoR6BNJIFciM+WlyoavolwM0uhLg9124+S5MlGMM0dEdCuXhRT6HEaWDGKCXHan\nQG0AuIqFIxyCT1Wxac2+eaROPqbvQ8DcvwDy9HjjqNUy20JbeyunXo0wxSXg3ewh\nhfKqBohY0MtTgsRG06Q7I1EjUcbfeiNYk47mNs632sQD89cZa2EhNLhsoi5p99mS\nlFz4Kj82mfeGKVzdUY8T2P4mA+JLyIn2V6kN5qECggEASNBec/icOB9+mvhHHAB+\ndeemJl7FSsBqFtrWVtIwXxe724ipf2uvwTyMdVxmg5iVp16N2Kyw6Z+PbEUZpRI6\nBzUPGyClVhc/ovYW1RKJSByfo2vulTABbLTeyl3qdYf8lvprFHUvDwMNynF+zCEs\n3rj58vUFfPk1VLT+OSq3V6oOZa4JjlvivnmcXcvEKsQiJZB4tPkSiFVRWQt3F14h\nIhixjDgv7fn9ApaPZQesjJbtCML0DN+XCDfnhROvPoXbTGX7D0w1C94KLjZlTaS1\nEKYpczjFyy3EpjU/E0qmxAFv5yjZvvH4Q3MxcRM/tFcCsu3FboY85m72gtzHt7ef\naQKCAQAzROHCwLXkZBUjI2mXRPIUMr7yyBJ6+4qwqQOeIiEA/zP+rcZiMwnQfaYw\nl3/6Zbr+1TmAP9s5eQaayHawfnR5c1E127FDPmY4NlppM0Fmjs+EOlcACHNjNFMz\n6GvChiwfQTgxvEFDfP9F73qxIpPGhI3rLGVZkMCSLD23KxlSWyjBmmjawGzcWLdM\nbCvKA20vy5GlOM2jiDS92jQ2tVO3h9Kuvw/UT+E+81pXcu8V8WCEsi5zd7FHcyvU\n5UzlGQgCjoc5fF2sjDKejTH+ygopu8QhKsJtmN5rr0wXrkFLEcGwkdXIBTL+9Fb9\nQsbjwHKVSRe6yKgZLm4y8gAD01RV\n-----END PRIVATE KEY-----\n",
            "public_key_fingerprint_md5": "9a:31:91:36:5a:8a:f9:1b:4c:34:b1:bc:d8:47:a9:d8",
            "public_key_fingerprint_sha256": "SHA256:CWZdvC4BudZQS/GR6SKcwqfnMPkNk9jPeB0a76VkOUg",
            "public_key_openssh": "ssh-rsa AAAAB3NzaC1yc2EAAAADAQABAAACAQCq9+wxxoQFlJWPqHd1ky/V+HbcGZj+UvXX6UghPG4GOVIwfpcughQUahw8gt8Pl3MedmtTmTgbyAADIE+DxWSVcQHnU1FshIMm3gd0boNHnZ2v94IxI83Vd/2ScRyG1jCzpDfyUNOkdkcLXK/RGLbAMFQKcAjuXziOnoYuhneG/dxEFJMaut8o+nMpPQAwM5aGUN1PSzqRf/Pi2TFuwJCSN8l96NxYVfXUOkrgvKwvIcsGrK+1xsGzh1thxw9m5NPXDUjniVyPLOsxxmHgMDGbBSf29zjmPSp6uLU6bH6qwizDI1xwSkjHOIWDKtZbIX5VMWJ+2bzcStlW3h7e+hP7X32LgQ/gsz48F5tbW93bqgOONiS7FqwQKgF6D9QdolKnkDfNNRmBlwQ1g0Er+i0k+Or2VXxETvyQvw1+85JpJBj6BJyID1mv1pHTO0lc/DEXWKrenzPQJR0hRmGe25wlK4GE3BmIPcT8hvo6X+YfknakZQNJXuCDqLkxjNRwRnM7JtLERsIkVptatTWm6XMrOzdW66KYphz7jS380Qhxm7LCTtAJ3OjSJKQIdkY/X+Pz+ZvxZQam2SSMv0joiMmKTrvYMqHSLG3GCKG9Bpxsp0EVBqJQ1JYrROLf7itanoD7oi1ihmq5BiALrsqNodjhQWF/mv6NRx13Z1nJdQ4whQ==\n",
            "public_key_pem": "-----BEGIN PUBLIC KEY-----\nMIICIjANBgkqhkiG9w0BAQEFAAOCAg8AMIICCgKCAgEAqvfsMcaEBZSVj6h3dZMv\n1fh23BmY/lL11+lIITxuBjlSMH6XLoIUFGocPILfD5dzHnZrU5k4G8gAAyBPg8Vk\nlXEB51NRbISDJt4HdG6DR52dr/eCMSPN1Xf9knEchtYws6Q38lDTpHZHC1yv0Ri2\nwDBUCnAI7l84jp6GLoZ3hv3cRBSTGrrfKPpzKT0AMDOWhlDdT0s6kX/z4tkxbsCQ\nkjfJfejcWFX11DpK4LysLyHLBqyvtcbBs4dbYccPZuTT1w1I54lcjyzrMcZh4DAx\nmwUn9vc45j0qeri1Omx+qsIswyNccEpIxziFgyrWWyF+VTFiftm83ErZVt4e3voT\n+199i4EP4LM+PBebW1vd26oDjjYkuxasECoBeg/UHaJSp5A3zTUZgZcENYNBK/ot\nJPjq9lV8RE78kL8NfvOSaSQY+gSciA9Zr9aR0ztJXPwxF1iq3p8z0CUdIUZhntuc\nJSuBhNwZiD3E/Ib6Ol/mH5J2pGUDSV7gg6i5MYzUcEZzOybSxEbCJFabWrU1pulz\nKzs3VuuimKYc+40t/NEIcZuywk7QCdzo0iSkCHZGP1/j8/mb8WUGptkkjL9I6IjJ\nik672DKh0ixtxgihvQacbKdBFQaiUNSWK0Ti3+4rWp6A+6ItYoZquQYgC67KjaHY\n4UFhf5r+jUcdd2dZyXUOMIUCAwEAAQ==\n-----END PUBLIC KEY-----\n",
            "rsa_bits": 4096
          },
          "sensitive_attributes": [
            [
              {
                "type": "get_attr",
                "value": "private_key_openssh"
              }
            ],
            [
              {
                "type": "get_attr",
                "value": "private_key_pem"
              }
            ],
            [
              {
                "type": "get_attr",
                "value": "private_key_pem_pkcs8"
              }
            ]
          ],
          "identity_schema_version": 0
        }
      ]
    }
  ],
  "check_results": null
}
